
Microsoft Visual Studio Solution File, Format Version 12.00
# Visual Studio 15
VisualStudioVersion = 15.0.28010.2019
MinimumVisualStudioVersion = 10.0.40219.1
Project("{FAE04EC0-301F-11D3-BF4B-00C04F79EFBC}") = "StringBuilderExample", "StringBuilderExample\StringBuilderExample.csproj", "{3775D207-2E71-46B1-B92B-C030C7DC5B1B}"
EndProject
Global
	GlobalSection(SolutionConfigurationPlatforms) = preSolution
		Debug|Any CPU = Debug|Any CPU
		Release|Any CPU = Release|Any CPU
	EndGlobalSection
	GlobalSection(ProjectConfigurationPlatforms) = postSolution
		{3775D207-2E71-46B1-B92B-C030C7DC5B1B}.Debug|Any CPU.ActiveCfg = Debug|Any CPU
		{3775D207-2E71-46B1-B92B-C030C7DC5B1B}.Debug|Any CPU.Build.0 = Debug|Any CPU
		{3775D207-2E71-46B1-B92B-C030C7DC5B1B}.Release|Any CPU.ActiveCfg = Release|Any CPU
		{3775D207-2E71-46B1-B92B-C030C7DC5B1B}.Release|Any CPU.Build.0 = Release|Any CPU
	EndGlobalSection
	GlobalSection(SolutionProperties) = preSolution
		HideSolutionNode = FALSE
	EndGlobalSection
	GlobalSection(ExtensibilityGlobals) = postSolution
		SolutionGuid = {CE0A9818-3163-466E-9AF9-53907312C078}
	EndGlobalSection
EndGlobal
